
Microsoft Visual Studio Solution File, Format Version 12.00
# Visual Studio Version 16
VisualStudioVersion = 16.0.30804.86
MinimumVisualStudioVersion = 10.0.40219.1
Project("{FAE04EC0-301F-11D3-BF4B-00C04F79EFBC}") = "SantaClaus1", "SantaClaus1\SantaClaus1.csproj", "{9DAE4BA0-8E44-4993-A4AF-44764F49E764}"
EndProject
Global
	GlobalSection(SolutionConfigurationPlatforms) = preSolution
		Debug|Any CPU = Debug|Any CPU
		Release|Any CPU = Release|Any CPU
	EndGlobalSection
	GlobalSection(ProjectConfigurationPlatforms) = postSolution
		{9DAE4BA0-8E44-4993-A4AF-44764F49E764}.Debug|Any CPU.ActiveCfg = Debug|Any CPU
		{9DAE4BA0-8E44-4993-A4AF-44764F49E764}.Debug|Any CPU.Build.0 = Debug|Any CPU
		{9DAE4BA0-8E44-4993-A4AF-44764F49E764}.Release|Any CPU.ActiveCfg = Release|Any CPU
		{9DAE4BA0-8E44-4993-A4AF-44764F49E764}.Release|Any CPU.Build.0 = Release|Any CPU
	EndGlobalSection
	GlobalSection(SolutionProperties) = preSolution
		HideSolutionNode = FALSE
	EndGlobalSection
	GlobalSection(ExtensibilityGlobals) = postSolution
		SolutionGuid = {34FD588D-0300-4CB4-A690-C97DC5DEE7F7}
	EndGlobalSection
EndGlobal
